// !$*UTF8*$!
{
	archiveVersion = 1;
	classes = {
	};
	objectVersion = 56;
	objects = {

/* Begin PBXBuildFile section */
		B00100000000000000000001 /* VictoriaKillZoneApp.swift in Sources */ = {isa = PBXBuildFile; fileRef = F00100000000000000000001 /* VictoriaKillZoneApp.swift */; };
		B00100000000000000000002 /* AppEnvironment.swift in Sources */ = {isa = PBXBuildFile; fileRef = F00100000000000000000002 /* AppEnvironment.swift */; };
		B00100000000000000000003 /* LobbyModels.swift in Sources */ = {isa = PBXBuildFile; fileRef = F00100000000000000000003 /* LobbyModels.swift */; };
		B00100000000000000000004 /* LobbyStateMachine.swift in Sources */ = {isa = PBXBuildFile; fileRef = F00100000000000000000004 /* LobbyStateMachine.swift */; };
		B00100000000000000000005 /* GameSessionClient.swift in Sources */ = {isa = PBXBuildFile; fileRef = F00100000000000000000005 /* GameSessionClient.swift */; };
		B00100000000000000000006 /* TargetingSession.swift in Sources */ = {isa = PBXBuildFile; fileRef = F00100000000000000000006 /* TargetingSession.swift */; };
		B00100000000000000000007 /* LobbyStore.swift in Sources */ = {isa = PBXBuildFile; fileRef = F00100000000000000000007 /* LobbyStore.swift */; };
		B00100000000000000000008 /* HomeView.swift in Sources */ = {isa = PBXBuildFile; fileRef = F00100000000000000000008 /* HomeView.swift */; };
		B00100000000000000000009 /* JoinDuelView.swift in Sources */ = {isa = PBXBuildFile; fileRef = F00100000000000000000009 /* JoinDuelView.swift */; };
		B0010000000000000000000A /* WaitingRoomView.swift in Sources */ = {isa = PBXBuildFile; fileRef = F0010000000000000000000A /* WaitingRoomView.swift */; };
		B0010000000000000000000B /* ActiveDuelView.swift in Sources */ = {isa = PBXBuildFile; fileRef = F0010000000000000000000B /* ActiveDuelView.swift */; };
		B0010000000000000000000C /* VKZTheme.swift in Sources */ = {isa = PBXBuildFile; fileRef = F0010000000000000000000C /* VKZTheme.swift */; };
		B0010000000000000000000D /* LobbyStateMachineTests.swift in Sources */ = {isa = PBXBuildFile; fileRef = F0010000000000000000000E /* LobbyStateMachineTests.swift */; };
		B0010000000000000000000E /* GameSessionModels.swift in Sources */ = {isa = PBXBuildFile; fileRef = F00100000000000000000011 /* GameSessionModels.swift */; };
		B0010000000000000000000F /* ConvexGameSessionClient.swift in Sources */ = {isa = PBXBuildFile; fileRef = F00100000000000000000012 /* ConvexGameSessionClient.swift */; };
		B00100000000000000000010 /* ConvexMobile in Frameworks */ = {isa = PBXBuildFile; productRef = PP0100000000000000000001 /* ConvexMobile */; };
		B00100000000000000000016 /* PewPewSimulation in Frameworks */ = {isa = PBXBuildFile; productRef = PP0100000000000000000002 /* PewPewSimulation */; };
		B00100000000000000000017 /* CombatTransport in Frameworks */ = {isa = PBXBuildFile; productRef = PP0100000000000000000003 /* CombatTransport */; };
		B00100000000000000000011 /* RootView.swift in Sources */ = {isa = PBXBuildFile; fileRef = F00100000000000000000013 /* RootView.swift */; };
		B00100000000000000000012 /* LaserFX.swift in Sources */ = {isa = PBXBuildFile; fileRef = F00100000000000000000014 /* LaserFX.swift */; };
		B00100000000000000000013 /* VoiceFireController.swift in Sources */ = {isa = PBXBuildFile; fileRef = F00100000000000000000015 /* VoiceFireController.swift */; };
		B00100000000000000000014 /* AVFoundation.framework in Frameworks */ = {isa = PBXBuildFile; fileRef = F00100000000000000000016 /* AVFoundation.framework */; };
		B00100000000000000000015 /* Speech.framework in Frameworks */ = {isa = PBXBuildFile; fileRef = F00100000000000000000017 /* Speech.framework */; };
		B00100000000000000000016 /* Assets.xcassets in Resources */ = {isa = PBXBuildFile; fileRef = F00100000000000000000018 /* Assets.xcassets */; };
		B0010000000000000000001A /* PrivacyInfo.xcprivacy in Resources */ = {isa = PBXBuildFile; fileRef = F0010000000000000000001A /* PrivacyInfo.xcprivacy */; };
		B00100000000000000000018 /* BodyTargetingGeometry.swift in Sources */ = {isa = PBXBuildFile; fileRef = F00100000000000000000019 /* BodyTargetingGeometry.swift */; };
		B00200000000000000000001 /* SharedArenaModels.swift in Sources */ = {isa = PBXBuildFile; fileRef = F00200000000000000000001 /* SharedArenaModels.swift */; };
		B00200000000000000000002 /* SharedArenaLockPolicy.swift in Sources */ = {isa = PBXBuildFile; fileRef = F00200000000000000000002 /* SharedArenaLockPolicy.swift */; };
		B00200000000000000000003 /* ArenaFrameMetrics.swift in Sources */ = {isa = PBXBuildFile; fileRef = F00200000000000000000003 /* ArenaFrameMetrics.swift */; };
		B00200000000000000000004 /* ArenaLinkMessage.swift in Sources */ = {isa = PBXBuildFile; fileRef = F00200000000000000000004 /* ArenaLinkMessage.swift */; };
		B00200000000000000000005 /* ArenaPeerLink.swift in Sources */ = {isa = PBXBuildFile; fileRef = F00200000000000000000005 /* ArenaPeerLink.swift */; };
		B00200000000000000000006 /* SharedArenaSession.swift in Sources */ = {isa = PBXBuildFile; fileRef = F00200000000000000000006 /* SharedArenaSession.swift */; };
		B00200000000000000000007 /* SharedArenaHarnessView.swift in Sources */ = {isa = PBXBuildFile; fileRef = F00200000000000000000007 /* SharedArenaHarnessView.swift */; };
		B00200000000000000000008 /* ArenaShotTracer.swift in Sources */ = {isa = PBXBuildFile; fileRef = F00200000000000000000008 /* ArenaShotTracer.swift */; };
		B00300000000000000000001 /* DuelInvite.swift in Sources */ = {isa = PBXBuildFile; fileRef = F00300000000000000000001 /* DuelInvite.swift */; };
		B00300000000000000000002 /* QRScannerView.swift in Sources */ = {isa = PBXBuildFile; fileRef = F00300000000000000000002 /* QRScannerView.swift */; };
		B00300000000000000000003 /* DuelInviteLinkTests.swift in Sources */ = {isa = PBXBuildFile; fileRef = F00300000000000000000003 /* DuelInviteLinkTests.swift */; };
		B00400000000000000000001 /* DuelSession.swift in Sources */ = {isa = PBXBuildFile; fileRef = F00400000000000000000001 /* DuelSession.swift */; };
		B00400000000000000000002 /* DuelPeerLink.swift in Sources */ = {isa = PBXBuildFile; fileRef = F00400000000000000000002 /* DuelPeerLink.swift */; };
		B00400000000000000000003 /* GameLoopTrace.swift in Sources */ = {isa = PBXBuildFile; fileRef = F00400000000000000000003 /* GameLoopTrace.swift */; };
		B00400000000000000000004 /* DuelSessionTests.swift in Sources */ = {isa = PBXBuildFile; fileRef = F00400000000000000000004 /* DuelSessionTests.swift */; };
		B00300000000000000000004 /* TargetingBlockerTests.swift in Sources */ = {isa = PBXBuildFile; fileRef = F00300000000000000000004 /* TargetingBlockerTests.swift */; };
		B00500000000000000000001 /* CombatPresentationPolicy.swift in Sources */ = {isa = PBXBuildFile; fileRef = F00500000000000000000001 /* CombatPresentationPolicy.swift */; };
		B00500000000000000000002 /* CombatPresentationPolicyTests.swift in Sources */ = {isa = PBXBuildFile; fileRef = F00500000000000000000002 /* CombatPresentationPolicyTests.swift */; };
		F06FB76C4159F1A031E4B7CF /* CombatClock.swift in Sources */ = {isa = PBXBuildFile; fileRef = 3C31A53D023AB0DDBB4BF960 /* CombatClock.swift */; };
		FB3BBFCB0C303774BF50677B /* CombatReplica.swift in Sources */ = {isa = PBXBuildFile; fileRef = 2E97FF0D4A2949668B6C3C07 /* CombatReplica.swift */; };
		591D8D0B3EE10D432436EA97 /* CombatSocketTransport.swift in Sources */ = {isa = PBXBuildFile; fileRef = 5497BE5B56859453EF74D513 /* CombatSocketTransport.swift */; };
		6ACDFCA9E90D80ACC7722A0A /* CombatWire.swift in Sources */ = {isa = PBXBuildFile; fileRef = ABBE8F2EF972E1EFEE3909D9 /* CombatWire.swift */; };
		1318C0E230D8B591CD2F744C /* RealtimeCombatSession.swift in Sources */ = {isa = PBXBuildFile; fileRef = 15A2891F8815C903348F31A3 /* RealtimeCombatSession.swift */; };
		68D2AF92F9F6239DDE5D3F86 /* DuelFrameARSupport.swift in Sources */ = {isa = PBXBuildFile; fileRef = 0DAE45AD9CE3B5B2D0BB044D /* DuelFrameARSupport.swift */; };
		AE0DB34F0A784EB332C639F7 /* DuelFrameModels.swift in Sources */ = {isa = PBXBuildFile; fileRef = 9D85B1581DC7043312A2F5F3 /* DuelFrameModels.swift */; };
		DF7754BF4D9CB81AB5319E43 /* DuelFramePolicy.swift in Sources */ = {isa = PBXBuildFile; fileRef = 552EF9E0A6ACAE0FE038BB24 /* DuelFramePolicy.swift */; };
		98430F39C0573B1CFC1CC94A /* DuelFrameProvider.swift in Sources */ = {isa = PBXBuildFile; fileRef = 4A12B84FA719C41A0D1C0802 /* DuelFrameProvider.swift */; };
		1C837AA0C6E438ABDB66E399 /* DuelFramePolicyTests.swift in Sources */ = {isa = PBXBuildFile; fileRef = 8CC0422002E75C2F96FB947A /* DuelFramePolicyTests.swift */; };
		4B9266AAA0392F139CDD2824 /* RealtimeCombatTests.swift in Sources */ = {isa = PBXBuildFile; fileRef = FC6BA0DA13B39C9E2D61222C /* RealtimeCombatTests.swift */; };
/* End PBXBuildFile section */

/* Begin PBXContainerItemProxy section */
		C00100000000000000000001 /* PBXContainerItemProxy */ = {
			isa = PBXContainerItemProxy;
			containerPortal = PR0100000000000000000001 /* Project object */;
			proxyType = 1;
			remoteGlobalIDString = T00100000000000000000001;
			remoteInfo = VictoriaKillZone;
		};
/* End PBXContainerItemProxy section */

/* Begin PBXFileReference section */
		F00100000000000000000001 /* VictoriaKillZoneApp.swift */ = {isa = PBXFileReference; lastKnownFileType = sourcecode.swift; path = VictoriaKillZoneApp.swift; sourceTree = "<group>"; };
		F00100000000000000000002 /* AppEnvironment.swift */ = {isa = PBXFileReference; lastKnownFileType = sourcecode.swift; path = AppEnvironment.swift; sourceTree = "<group>"; };
		F00100000000000000000003 /* LobbyModels.swift */ = {isa = PBXFileReference; lastKnownFileType = sourcecode.swift; path = LobbyModels.swift; sourceTree = "<group>"; };
		F00100000000000000000004 /* LobbyStateMachine.swift */ = {isa = PBXFileReference; lastKnownFileType = sourcecode.swift; path = LobbyStateMachine.swift; sourceTree = "<group>"; };
		F00100000000000000000005 /* GameSessionClient.swift */ = {isa = PBXFileReference; lastKnownFileType = sourcecode.swift; path = GameSessionClient.swift; sourceTree = "<group>"; };
		F00100000000000000000006 /* TargetingSession.swift */ = {isa = PBXFileReference; lastKnownFileType = sourcecode.swift; path = TargetingSession.swift; sourceTree = "<group>"; };
		F00100000000000000000007 /* LobbyStore.swift */ = {isa = PBXFileReference; lastKnownFileType = sourcecode.swift; path = LobbyStore.swift; sourceTree = "<group>"; };
		F00100000000000000000008 /* HomeView.swift */ = {isa = PBXFileReference; lastKnownFileType = sourcecode.swift; path = HomeView.swift; sourceTree = "<group>"; };
		F00100000000000000000009 /* JoinDuelView.swift */ = {isa = PBXFileReference; lastKnownFileType = sourcecode.swift; path = JoinDuelView.swift; sourceTree = "<group>"; };
		F0010000000000000000000A /* WaitingRoomView.swift */ = {isa = PBXFileReference; lastKnownFileType = sourcecode.swift; path = WaitingRoomView.swift; sourceTree = "<group>"; };
		F0010000000000000000000B /* ActiveDuelView.swift */ = {isa = PBXFileReference; lastKnownFileType = sourcecode.swift; path = ActiveDuelView.swift; sourceTree = "<group>"; };
		F0010000000000000000000C /* VKZTheme.swift */ = {isa = PBXFileReference; lastKnownFileType = sourcecode.swift; path = VKZTheme.swift; sourceTree = "<group>"; };
		F0010000000000000000000D /* Info.plist */ = {isa = PBXFileReference; lastKnownFileType = text.plist.xml; path = Info.plist; sourceTree = "<group>"; };
		F0010000000000000000000E /* LobbyStateMachineTests.swift */ = {isa = PBXFileReference; lastKnownFileType = sourcecode.swift; path = LobbyStateMachineTests.swift; sourceTree = "<group>"; };
		F0010000000000000000000F /* VictoriaKillZone.app */ = {isa = PBXFileReference; explicitFileType = wrapper.application; includeInIndex = 0; path = VictoriaKillZone.app; sourceTree = BUILT_PRODUCTS_DIR; };
		F00100000000000000000010 /* VictoriaKillZoneTests.xctest */ = {isa = PBXFileReference; explicitFileType = wrapper.cfbundle; includeInIndex = 0; path = VictoriaKillZoneTests.xctest; sourceTree = BUILT_PRODUCTS_DIR; };
		F00100000000000000000011 /* GameSessionModels.swift */ = {isa = PBXFileReference; lastKnownFileType = sourcecode.swift; path = GameSessionModels.swift; sourceTree = "<group>"; };
		F00100000000000000000012 /* ConvexGameSessionClient.swift */ = {isa = PBXFileReference; lastKnownFileType = sourcecode.swift; path = ConvexGameSessionClient.swift; sourceTree = "<group>"; };
		F00100000000000000000013 /* RootView.swift */ = {isa = PBXFileReference; lastKnownFileType = sourcecode.swift; path = RootView.swift; sourceTree = "<group>"; };
		F00100000000000000000014 /* LaserFX.swift */ = {isa = PBXFileReference; lastKnownFileType = sourcecode.swift; path = LaserFX.swift; sourceTree = "<group>"; };
		F00100000000000000000015 /* VoiceFireController.swift */ = {isa = PBXFileReference; lastKnownFileType = sourcecode.swift; path = VoiceFireController.swift; sourceTree = "<group>"; };
		F00100000000000000000016 /* AVFoundation.framework */ = {isa = PBXFileReference; lastKnownFileType = wrapper.framework; name = AVFoundation.framework; path = System/Library/Frameworks/AVFoundation.framework; sourceTree = SDKROOT; };
		F00100000000000000000017 /* Speech.framework */ = {isa = PBXFileReference; lastKnownFileType = wrapper.framework; name = Speech.framework; path = System/Library/Frameworks/Speech.framework; sourceTree = SDKROOT; };
		F00100000000000000000018 /* Assets.xcassets */ = {isa = PBXFileReference; lastKnownFileType = folder.assetcatalog; path = Assets.xcassets; sourceTree = "<group>"; };
		F0010000000000000000001A /* PrivacyInfo.xcprivacy */ = {isa = PBXFileReference; lastKnownFileType = text.xml; path = PrivacyInfo.xcprivacy; sourceTree = "<group>"; };
		F00100000000000000000019 /* BodyTargetingGeometry.swift */ = {isa = PBXFileReference; lastKnownFileType = sourcecode.swift; path = BodyTargetingGeometry.swift; sourceTree = "<group>"; };
		F00200000000000000000001 /* SharedArenaModels.swift */ = {isa = PBXFileReference; lastKnownFileType = sourcecode.swift; path = SharedArenaModels.swift; sourceTree = "<group>"; };
		F00200000000000000000002 /* SharedArenaLockPolicy.swift */ = {isa = PBXFileReference; lastKnownFileType = sourcecode.swift; path = SharedArenaLockPolicy.swift; sourceTree = "<group>"; };
		F00200000000000000000003 /* ArenaFrameMetrics.swift */ = {isa = PBXFileReference; lastKnownFileType = sourcecode.swift; path = ArenaFrameMetrics.swift; sourceTree = "<group>"; };
		F00200000000000000000004 /* ArenaLinkMessage.swift */ = {isa = PBXFileReference; lastKnownFileType = sourcecode.swift; path = ArenaLinkMessage.swift; sourceTree = "<group>"; };
		F00200000000000000000005 /* ArenaPeerLink.swift */ = {isa = PBXFileReference; lastKnownFileType = sourcecode.swift; path = ArenaPeerLink.swift; sourceTree = "<group>"; };
		F00200000000000000000006 /* SharedArenaSession.swift */ = {isa = PBXFileReference; lastKnownFileType = sourcecode.swift; path = SharedArenaSession.swift; sourceTree = "<group>"; };
		F00200000000000000000007 /* SharedArenaHarnessView.swift */ = {isa = PBXFileReference; lastKnownFileType = sourcecode.swift; path = SharedArenaHarnessView.swift; sourceTree = "<group>"; };
		F00200000000000000000008 /* ArenaShotTracer.swift */ = {isa = PBXFileReference; lastKnownFileType = sourcecode.swift; path = ArenaShotTracer.swift; sourceTree = "<group>"; };
		F00300000000000000000001 /* DuelInvite.swift */ = {isa = PBXFileReference; lastKnownFileType = sourcecode.swift; path = DuelInvite.swift; sourceTree = "<group>"; };
		F00300000000000000000002 /* QRScannerView.swift */ = {isa = PBXFileReference; lastKnownFileType = sourcecode.swift; path = QRScannerView.swift; sourceTree = "<group>"; };
		F00300000000000000000003 /* DuelInviteLinkTests.swift */ = {isa = PBXFileReference; lastKnownFileType = sourcecode.swift; path = DuelInviteLinkTests.swift; sourceTree = "<group>"; };
		F00400000000000000000001 /* DuelSession.swift */ = {isa = PBXFileReference; lastKnownFileType = sourcecode.swift; path = DuelSession.swift; sourceTree = "<group>"; };
		F00400000000000000000002 /* DuelPeerLink.swift */ = {isa = PBXFileReference; lastKnownFileType = sourcecode.swift; path = DuelPeerLink.swift; sourceTree = "<group>"; };
		F00400000000000000000003 /* GameLoopTrace.swift */ = {isa = PBXFileReference; lastKnownFileType = sourcecode.swift; path = GameLoopTrace.swift; sourceTree = "<group>"; };
		F00400000000000000000004 /* DuelSessionTests.swift */ = {isa = PBXFileReference; lastKnownFileType = sourcecode.swift; path = DuelSessionTests.swift; sourceTree = "<group>"; };
		F00300000000000000000004 /* TargetingBlockerTests.swift */ = {isa = PBXFileReference; lastKnownFileType = sourcecode.swift; path = TargetingBlockerTests.swift; sourceTree = "<group>"; };
		F00500000000000000000001 /* CombatPresentationPolicy.swift */ = {isa = PBXFileReference; lastKnownFileType = sourcecode.swift; path = CombatPresentationPolicy.swift; sourceTree = "<group>"; };
		F00500000000000000000002 /* CombatPresentationPolicyTests.swift */ = {isa = PBXFileReference; lastKnownFileType = sourcecode.swift; path = CombatPresentationPolicyTests.swift; sourceTree = "<group>"; };
		3C31A53D023AB0DDBB4BF960 /* CombatClock.swift */ = {isa = PBXFileReference; lastKnownFileType = sourcecode.swift; path = "Realtime/CombatClock.swift"; sourceTree = "<group>"; };
		2E97FF0D4A2949668B6C3C07 /* CombatReplica.swift */ = {isa = PBXFileReference; lastKnownFileType = sourcecode.swift; path = "Realtime/CombatReplica.swift"; sourceTree = "<group>"; };
		5497BE5B56859453EF74D513 /* CombatSocketTransport.swift */ = {isa = PBXFileReference; lastKnownFileType = sourcecode.swift; path = "Realtime/CombatSocketTransport.swift"; sourceTree = "<group>"; };
		ABBE8F2EF972E1EFEE3909D9 /* CombatWire.swift */ = {isa = PBXFileReference; lastKnownFileType = sourcecode.swift; path = "Realtime/CombatWire.swift"; sourceTree = "<group>"; };
		15A2891F8815C903348F31A3 /* RealtimeCombatSession.swift */ = {isa = PBXFileReference; lastKnownFileType = sourcecode.swift; path = "Realtime/RealtimeCombatSession.swift"; sourceTree = "<group>"; };
		0DAE45AD9CE3B5B2D0BB044D /* DuelFrameARSupport.swift */ = {isa = PBXFileReference; lastKnownFileType = sourcecode.swift; path = "DuelFrame/DuelFrameARSupport.swift"; sourceTree = "<group>"; };
		9D85B1581DC7043312A2F5F3 /* DuelFrameModels.swift */ = {isa = PBXFileReference; lastKnownFileType = sourcecode.swift; path = "DuelFrame/DuelFrameModels.swift"; sourceTree = "<group>"; };
		552EF9E0A6ACAE0FE038BB24 /* DuelFramePolicy.swift */ = {isa = PBXFileReference; lastKnownFileType = sourcecode.swift; path = "DuelFrame/DuelFramePolicy.swift"; sourceTree = "<group>"; };
		4A12B84FA719C41A0D1C0802 /* DuelFrameProvider.swift */ = {isa = PBXFileReference; lastKnownFileType = sourcecode.swift; path = "DuelFrame/DuelFrameProvider.swift"; sourceTree = "<group>"; };
		8CC0422002E75C2F96FB947A /* DuelFramePolicyTests.swift */ = {isa = PBXFileReference; lastKnownFileType = sourcecode.swift; path = "DuelFramePolicyTests.swift"; sourceTree = "<group>"; };
		FC6BA0DA13B39C9E2D61222C /* RealtimeCombatTests.swift */ = {isa = PBXFileReference; lastKnownFileType = sourcecode.swift; path = "RealtimeCombatTests.swift"; sourceTree = "<group>"; };
/* End PBXFileReference section */

/* Begin PBXFrameworksBuildPhase section */
		PH0100000000000000000002 /* Frameworks */ = {
			isa = PBXFrameworksBuildPhase;
			buildActionMask = 2147483647;
			files = (
				B00100000000000000000010 /* ConvexMobile in Frameworks */,
				B00100000000000000000016 /* PewPewSimulation in Frameworks */,
				B00100000000000000000017 /* CombatTransport in Frameworks */,
				B00100000000000000000014 /* AVFoundation.framework in Frameworks */,
				B00100000000000000000015 /* Speech.framework in Frameworks */,
			);
			runOnlyForDeploymentPostprocessing = 0;
		};
		PH0200000000000000000002 /* Frameworks */ = {
			isa = PBXFrameworksBuildPhase;
			buildActionMask = 2147483647;
			files = (
			);
			runOnlyForDeploymentPostprocessing = 0;
		};
/* End PBXFrameworksBuildPhase section */

/* Begin PBXGroup section */
		3A866413303CA4AA005CD65E /* Recovered References */ = {
			isa = PBXGroup;
			children = (
				F00100000000000000000016 /* AVFoundation.framework */,
				F00100000000000000000017 /* Speech.framework */,
			);
			name = "Recovered References";
			sourceTree = "<group>";
		};
		G00100000000000000000001 = {
			isa = PBXGroup;
			children = (
				G00100000000000000000002 /* VictoriaKillZone */,
				G0010000000000000000000C /* VictoriaKillZoneTests */,
				G0010000000000000000000D /* Products */,
				3A866413303CA4AA005CD65E /* Recovered References */,
			);
			sourceTree = "<group>";
		};
		G00100000000000000000002 /* VictoriaKillZone */ = {
			isa = PBXGroup;
			children = (
				FC6BA0DA13B39C9E2D61222C /* RealtimeCombatTests.swift */,
				8CC0422002E75C2F96FB947A /* DuelFramePolicyTests.swift */,
				G00100000000000000000003 /* App */,
				G00100000000000000000004 /* Domain */,
				G00100000000000000000005 /* Services */,
				G00100000000000000000006 /* Targeting */,
				G00100000000000000000007 /* Features */,
				G0010000000000000000000B /* DesignSystem */,
				F00100000000000000000018 /* Assets.xcassets */,
				F0010000000000000000000D /* Info.plist */,
				F0010000000000000000001A /* PrivacyInfo.xcprivacy */,
			);
			path = VictoriaKillZone;
			sourceTree = "<group>";
		};
		G00100000000000000000003 /* App */ = {
			isa = PBXGroup;
			children = (
				15A2891F8815C903348F31A3 /* RealtimeCombatSession.swift */,
				ABBE8F2EF972E1EFEE3909D9 /* CombatWire.swift */,
				5497BE5B56859453EF74D513 /* CombatSocketTransport.swift */,
				2E97FF0D4A2949668B6C3C07 /* CombatReplica.swift */,
				3C31A53D023AB0DDBB4BF960 /* CombatClock.swift */,
				F00100000000000000000001 /* VictoriaKillZoneApp.swift */,
				F00100000000000000000002 /* AppEnvironment.swift */,
				F00100000000000000000013 /* RootView.swift */,
			);
			path = App;
			sourceTree = "<group>";
		};
		G00100000000000000000004 /* Domain */ = {
			isa = PBXGroup;
			children = (
				F00100000000000000000003 /* LobbyModels.swift */,
				F00100000000000000000004 /* LobbyStateMachine.swift */,
				F00100000000000000000011 /* GameSessionModels.swift */,
			);
			path = Domain;
			sourceTree = "<group>";
		};
		G00100000000000000000005 /* Services */ = {
			isa = PBXGroup;
			children = (
				F00100000000000000000005 /* GameSessionClient.swift */,
				F00100000000000000000012 /* ConvexGameSessionClient.swift */,
				F00100000000000000000015 /* VoiceFireController.swift */,
			);
			path = Services;
			sourceTree = "<group>";
		};
		G00100000000000000000006 /* Targeting */ = {
			isa = PBXGroup;
			children = (
				F00100000000000000000006 /* TargetingSession.swift */,
				F00100000000000000000019 /* BodyTargetingGeometry.swift */,
				G00200000000000000000001 /* SharedArena */,
			);
			path = Targeting;
			sourceTree = "<group>";
		};
		G00100000000000000000007 /* Features */ = {
			isa = PBXGroup;
			children = (
				4A12B84FA719C41A0D1C0802 /* DuelFrameProvider.swift */,
				552EF9E0A6ACAE0FE038BB24 /* DuelFramePolicy.swift */,
				9D85B1581DC7043312A2F5F3 /* DuelFrameModels.swift */,
				0DAE45AD9CE3B5B2D0BB044D /* DuelFrameARSupport.swift */,
				G00100000000000000000008 /* Home */,
				G00100000000000000000009 /* Lobby */,
				G0010000000000000000000A /* Game */,
			);
			path = Features;
			sourceTree = "<group>";
		};
		G00100000000000000000008 /* Home */ = {
			isa = PBXGroup;
			children = (
				F00100000000000000000008 /* HomeView.swift */,
			);
			path = Home;
			sourceTree = "<group>";
		};
		G00100000000000000000009 /* Lobby */ = {
			isa = PBXGroup;
			children = (
				F00100000000000000000007 /* LobbyStore.swift */,
				F00100000000000000000009 /* JoinDuelView.swift */,
				F0010000000000000000000A /* WaitingRoomView.swift */,
				F00300000000000000000001 /* DuelInvite.swift */,
				F00300000000000000000002 /* QRScannerView.swift */,
			);
			path = Lobby;
			sourceTree = "<group>";
		};
		G0010000000000000000000A /* Game */ = {
			isa = PBXGroup;
			children = (
				F0010000000000000000000B /* ActiveDuelView.swift */,
				F00100000000000000000014 /* LaserFX.swift */,
				F00500000000000000000001 /* CombatPresentationPolicy.swift */,
				F00400000000000000000001 /* DuelSession.swift */,
				F00400000000000000000002 /* DuelPeerLink.swift */,
				F00400000000000000000003 /* GameLoopTrace.swift */,
			);
			path = Game;
			sourceTree = "<group>";
		};
		G0010000000000000000000B /* DesignSystem */ = {
			isa = PBXGroup;
			children = (
				F0010000000000000000000C /* VKZTheme.swift */,
			);
			path = DesignSystem;
			sourceTree = "<group>";
		};
		G0010000000000000000000C /* VictoriaKillZoneTests */ = {
			isa = PBXGroup;
			children = (
				F0010000000000000000000E /* LobbyStateMachineTests.swift */,
				F00300000000000000000003 /* DuelInviteLinkTests.swift */,
				F00400000000000000000004 /* DuelSessionTests.swift */,
				F00500000000000000000002 /* CombatPresentationPolicyTests.swift */,
				F00300000000000000000004 /* TargetingBlockerTests.swift */,
			);
			path = VictoriaKillZoneTests;
			sourceTree = "<group>";
		};
		G0010000000000000000000D /* Products */ = {
			isa = PBXGroup;
			children = (
				F0010000000000000000000F /* VictoriaKillZone.app */,
				F00100000000000000000010 /* VictoriaKillZoneTests.xctest */,
			);
			name = Products;
			sourceTree = "<group>";
		};
		G00200000000000000000001 /* SharedArena */ = {
			isa = PBXGroup;
			children = (
				F00200000000000000000001 /* SharedArenaModels.swift */,
				F00200000000000000000002 /* SharedArenaLockPolicy.swift */,
				F00200000000000000000003 /* ArenaFrameMetrics.swift */,
				F00200000000000000000004 /* ArenaLinkMessage.swift */,
				F00200000000000000000008 /* ArenaShotTracer.swift */,
				F00200000000000000000005 /* ArenaPeerLink.swift */,
				F00200000000000000000006 /* SharedArenaSession.swift */,
				F00200000000000000000007 /* SharedArenaHarnessView.swift */,
			);
			path = SharedArena;
			sourceTree = "<group>";
		};
/* End PBXGroup section */

/* Begin PBXNativeTarget section */
		T00100000000000000000001 /* VictoriaKillZone */ = {
			isa = PBXNativeTarget;
			buildConfigurationList = CL0100000000000000000001 /* Build configuration list for PBXNativeTarget "VictoriaKillZone" */;
			buildPhases = (
				PH0100000000000000000001 /* Sources */,
				PH0100000000000000000002 /* Frameworks */,
				PH0100000000000000000003 /* Resources */,
			);
			buildRules = (
			);
			dependencies = (
			);
			name = VictoriaKillZone;
			packageProductDependencies = (
				PP0100000000000000000001 /* ConvexMobile */,
				PP0100000000000000000002 /* PewPewSimulation */,
				PP0100000000000000000003 /* CombatTransport */,
			);
			productName = VictoriaKillZone;
			productReference = F0010000000000000000000F /* VictoriaKillZone.app */;
			productType = "com.apple.product-type.application";
		};
		T00200000000000000000001 /* VictoriaKillZoneTests */ = {
			isa = PBXNativeTarget;
			buildConfigurationList = CL0200000000000000000001 /* Build configuration list for PBXNativeTarget "VictoriaKillZoneTests" */;
			buildPhases = (
				PH0200000000000000000001 /* Sources */,
				PH0200000000000000000002 /* Frameworks */,
				PH0200000000000000000003 /* Resources */,
			);
			buildRules = (
			);
			dependencies = (
				TD0100000000000000000001 /* PBXTargetDependency */,
			);
			name = VictoriaKillZoneTests;
			productName = VictoriaKillZoneTests;
			productReference = F00100000000000000000010 /* VictoriaKillZoneTests.xctest */;
			productType = "com.apple.product-type.bundle.unit-test";
		};
/* End PBXNativeTarget section */

/* Begin PBXProject section */
		PR0100000000000000000001 /* Project object */ = {
			isa = PBXProject;
			attributes = {
				BuildIndependentTargetsInParallel = 1;
				LastSwiftUpdateCheck = 2660;
				LastUpgradeCheck = 2660;
				TargetAttributes = {
					T00100000000000000000001 = {
						CreatedOnToolsVersion = 26.6;
					};
					T00200000000000000000001 = {
						CreatedOnToolsVersion = 26.6;
						TestTargetID = T00100000000000000000001;
					};
				};
			};
			buildConfigurationList = CL0000000000000000000001 /* Build configuration list for PBXProject "VictoriaKillZone" */;
			compatibilityVersion = "Xcode 14.0";
			developmentRegion = en;
			hasScannedForEncodings = 0;
			knownRegions = (
				en,
				Base,
			);
			mainGroup = G00100000000000000000001;
			packageReferences = (
				PKG010000000000000000001 /* XCRemoteSwiftPackageReference "convex-swift" */,
				PKG010000000000000000002 /* XCLocalSwiftPackageReference "../../shared/simulation" */,
				PKG010000000000000000003 /* XCLocalSwiftPackageReference "Transport/CombatTransport" */,
			);
			productRefGroup = G0010000000000000000000D /* Products */;
			projectDirPath = "";
			projectRoot = "";
			targets = (
				T00100000000000000000001 /* VictoriaKillZone */,
				T00200000000000000000001 /* VictoriaKillZoneTests */,
			);
		};
/* End PBXProject section */

/* Begin PBXResourcesBuildPhase section */
		PH0100000000000000000003 /* Resources */ = {
			isa = PBXResourcesBuildPhase;
			buildActionMask = 2147483647;
			files = (
				B00100000000000000000016 /* Assets.xcassets in Resources */,
				B0010000000000000000001A /* PrivacyInfo.xcprivacy in Resources */,
			);
			runOnlyForDeploymentPostprocessing = 0;
		};
		PH0200000000000000000003 /* Resources */ = {
			isa = PBXResourcesBuildPhase;
			buildActionMask = 2147483647;
			files = (
			);
			runOnlyForDeploymentPostprocessing = 0;
		};
/* End PBXResourcesBuildPhase section */

/* Begin PBXSourcesBuildPhase section */
		PH0100000000000000000001 /* Sources */ = {
			isa = PBXSourcesBuildPhase;
			buildActionMask = 2147483647;
			files = (
				98430F39C0573B1CFC1CC94A /* DuelFrameProvider.swift in Sources */,
				DF7754BF4D9CB81AB5319E43 /* DuelFramePolicy.swift in Sources */,
				AE0DB34F0A784EB332C639F7 /* DuelFrameModels.swift in Sources */,
				68D2AF92F9F6239DDE5D3F86 /* DuelFrameARSupport.swift in Sources */,
				1318C0E230D8B591CD2F744C /* RealtimeCombatSession.swift in Sources */,
				6ACDFCA9E90D80ACC7722A0A /* CombatWire.swift in Sources */,
				591D8D0B3EE10D432436EA97 /* CombatSocketTransport.swift in Sources */,
				FB3BBFCB0C303774BF50677B /* CombatReplica.swift in Sources */,
				F06FB76C4159F1A031E4B7CF /* CombatClock.swift in Sources */,
				B00100000000000000000001 /* VictoriaKillZoneApp.swift in Sources */,
				B00100000000000000000002 /* AppEnvironment.swift in Sources */,
				B00100000000000000000011 /* RootView.swift in Sources */,
				B00100000000000000000003 /* LobbyModels.swift in Sources */,
				B00100000000000000000004 /* LobbyStateMachine.swift in Sources */,
				B0010000000000000000000E /* GameSessionModels.swift in Sources */,
				B00100000000000000000005 /* GameSessionClient.swift in Sources */,
				B0010000000000000000000F /* ConvexGameSessionClient.swift in Sources */,
				B00100000000000000000006 /* TargetingSession.swift in Sources */,
				B00100000000000000000018 /* BodyTargetingGeometry.swift in Sources */,
				B00200000000000000000001 /* SharedArenaModels.swift in Sources */,
				B00200000000000000000002 /* SharedArenaLockPolicy.swift in Sources */,
				B00200000000000000000003 /* ArenaFrameMetrics.swift in Sources */,
				B00200000000000000000004 /* ArenaLinkMessage.swift in Sources */,
				B00200000000000000000008 /* ArenaShotTracer.swift in Sources */,
				B00200000000000000000005 /* ArenaPeerLink.swift in Sources */,
				B00200000000000000000006 /* SharedArenaSession.swift in Sources */,
				B00200000000000000000007 /* SharedArenaHarnessView.swift in Sources */,
				B00100000000000000000007 /* LobbyStore.swift in Sources */,
				B00100000000000000000008 /* HomeView.swift in Sources */,
				B00100000000000000000009 /* JoinDuelView.swift in Sources */,
				B0010000000000000000000A /* WaitingRoomView.swift in Sources */,
				B0010000000000000000000B /* ActiveDuelView.swift in Sources */,
				B00100000000000000000012 /* LaserFX.swift in Sources */,
				B00500000000000000000001 /* CombatPresentationPolicy.swift in Sources */,
				B00100000000000000000013 /* VoiceFireController.swift in Sources */,
				B0010000000000000000000C /* VKZTheme.swift in Sources */,
				B00300000000000000000001 /* DuelInvite.swift in Sources */,
				B00300000000000000000002 /* QRScannerView.swift in Sources */,
				B00400000000000000000001 /* DuelSession.swift in Sources */,
				B00400000000000000000002 /* DuelPeerLink.swift in Sources */,
				B00400000000000000000003 /* GameLoopTrace.swift in Sources */,
			);
			runOnlyForDeploymentPostprocessing = 0;
		};
		PH0200000000000000000001 /* Sources */ = {
			isa = PBXSourcesBuildPhase;
			buildActionMask = 2147483647;
			files = (
				4B9266AAA0392F139CDD2824 /* RealtimeCombatTests.swift in Sources */,
				1C837AA0C6E438ABDB66E399 /* DuelFramePolicyTests.swift in Sources */,
				B0010000000000000000000D /* LobbyStateMachineTests.swift in Sources */,
				B00300000000000000000003 /* DuelInviteLinkTests.swift in Sources */,
				B00400000000000000000004 /* DuelSessionTests.swift in Sources */,
				B00500000000000000000002 /* CombatPresentationPolicyTests.swift in Sources */,
				B00300000000000000000004 /* TargetingBlockerTests.swift in Sources */,
			);
			runOnlyForDeploymentPostprocessing = 0;
		};
/* End PBXSourcesBuildPhase section */

/* Begin PBXTargetDependency section */
		TD0100000000000000000001 /* PBXTargetDependency */ = {
			isa = PBXTargetDependency;
			target = T00100000000000000000001 /* VictoriaKillZone */;
			targetProxy = C00100000000000000000001 /* PBXContainerItemProxy */;
		};
/* End PBXTargetDependency section */

/* Begin XCBuildConfiguration section */
		BC0000000000000000000001 /* Debug */ = {
			isa = XCBuildConfiguration;
			buildSettings = {
				ALWAYS_SEARCH_USER_PATHS = NO;
				CLANG_ANALYZER_NONNULL = YES;
				CLANG_CXX_LANGUAGE_STANDARD = "gnu++20";
				CLANG_ENABLE_MODULES = YES;
				CLANG_ENABLE_OBJC_ARC = YES;
				CLANG_WARN_BLOCK_CAPTURE_AUTORELEASING = YES;
				CLANG_WARN_BOOL_CONVERSION = YES;
				CLANG_WARN_COMMA = YES;
				CLANG_WARN_CONSTANT_CONVERSION = YES;
				CLANG_WARN_DEPRECATED_OBJC_IMPLEMENTATIONS = YES;
				CLANG_WARN_DIRECT_OBJC_ISA_USAGE = YES_ERROR;
				CLANG_WARN_DOCUMENTATION_COMMENTS = YES;
				CLANG_WARN_EMPTY_BODY = YES;
				CLANG_WARN_ENUM_CONVERSION = YES;
				CLANG_WARN_INFINITE_RECURSION = YES;
				CLANG_WARN_INT_CONVERSION = YES;
				CLANG_WARN_NON_LITERAL_NULL_CONVERSION = YES;
				CLANG_WARN_OBJC_IMPLICIT_RETAIN_SELF = YES;
				CLANG_WARN_OBJC_LITERAL_CONVERSION = YES;
				CLANG_WARN_QUOTED_INCLUDE_IN_FRAMEWORK_HEADER = YES;
				CLANG_WARN_RANGE_LOOP_ANALYSIS = YES;
				CLANG_WARN_STRICT_PROTOTYPES = YES;
				CLANG_WARN_SUSPICIOUS_MOVE = YES;
				CLANG_WARN_UNGUARDED_AVAILABILITY = YES_AGGRESSIVE;
				CLANG_WARN_UNREACHABLE_CODE = YES;
				CLANG_WARN__DUPLICATE_METHOD_MATCH = YES;
				COPY_PHASE_STRIP = NO;
				DEBUG_INFORMATION_FORMAT = dwarf;
				ENABLE_STRICT_OBJC_MSGSEND = YES;
				ENABLE_TESTABILITY = YES;
				ENABLE_USER_SCRIPT_SANDBOXING = YES;
				GCC_C_LANGUAGE_STANDARD = gnu17;
				GCC_DYNAMIC_NO_PIC = NO;
				GCC_NO_COMMON_BLOCKS = YES;
				GCC_OPTIMIZATION_LEVEL = 0;
				GCC_PREPROCESSOR_DEFINITIONS = (
					"DEBUG=1",
					"$(inherited)",
				);
				GCC_WARN_64_TO_32_BIT_CONVERSION = YES;
				GCC_WARN_ABOUT_RETURN_TYPE = YES_ERROR;
				GCC_WARN_UNDECLARED_SELECTOR = YES;
				GCC_WARN_UNINITIALIZED_AUTOS = YES_AGGRESSIVE;
				GCC_WARN_UNUSED_FUNCTION = YES;
				GCC_WARN_UNUSED_VARIABLE = YES;
				IPHONEOS_DEPLOYMENT_TARGET = 17.0;
				MTL_ENABLE_DEBUG_INFO = INCLUDE_SOURCE;
				MTL_FAST_MATH = YES;
				ONLY_ACTIVE_ARCH = YES;
				SDKROOT = iphoneos;
				SWIFT_ACTIVE_COMPILATION_CONDITIONS = "DEBUG $(inherited)";
				SWIFT_OPTIMIZATION_LEVEL = "-Onone";
			};
			name = Debug;
		};
		BC0000000000000000000002 /* Release */ = {
			isa = XCBuildConfiguration;
			buildSettings = {
				ALWAYS_SEARCH_USER_PATHS = NO;
				CLANG_ANALYZER_NONNULL = YES;
				CLANG_CXX_LANGUAGE_STANDARD = "gnu++20";
				CLANG_ENABLE_MODULES = YES;
				CLANG_ENABLE_OBJC_ARC = YES;
				CLANG_WARN_BLOCK_CAPTURE_AUTORELEASING = YES;
				CLANG_WARN_BOOL_CONVERSION = YES;
				CLANG_WARN_COMMA = YES;
				CLANG_WARN_CONSTANT_CONVERSION = YES;
				CLANG_WARN_DEPRECATED_OBJC_IMPLEMENTATIONS = YES;
				CLANG_WARN_DIRECT_OBJC_ISA_USAGE = YES_ERROR;
				CLANG_WARN_DOCUMENTATION_COMMENTS = YES;
				CLANG_WARN_EMPTY_BODY = YES;
				CLANG_WARN_ENUM_CONVERSION = YES;
				CLANG_WARN_INFINITE_RECURSION = YES;
				CLANG_WARN_INT_CONVERSION = YES;
				CLANG_WARN_NON_LITERAL_NULL_CONVERSION = YES;
				CLANG_WARN_OBJC_IMPLICIT_RETAIN_SELF = YES;
				CLANG_WARN_OBJC_LITERAL_CONVERSION = YES;
				CLANG_WARN_QUOTED_INCLUDE_IN_FRAMEWORK_HEADER = YES;
				CLANG_WARN_RANGE_LOOP_ANALYSIS = YES;
				CLANG_WARN_STRICT_PROTOTYPES = YES;
				CLANG_WARN_SUSPICIOUS_MOVE = YES;
				CLANG_WARN_UNGUARDED_AVAILABILITY = YES_AGGRESSIVE;
				CLANG_WARN_UNREACHABLE_CODE = YES;
				CLANG_WARN__DUPLICATE_METHOD_MATCH = YES;
				COPY_PHASE_STRIP = NO;
				DEBUG_INFORMATION_FORMAT = "dwarf-with-dsym";
				ENABLE_NS_ASSERTIONS = NO;
				ENABLE_STRICT_OBJC_MSGSEND = YES;
				ENABLE_USER_SCRIPT_SANDBOXING = YES;
				GCC_C_LANGUAGE_STANDARD = gnu17;
				GCC_NO_COMMON_BLOCKS = YES;
				GCC_WARN_64_TO_32_BIT_CONVERSION = YES;
				GCC_WARN_ABOUT_RETURN_TYPE = YES_ERROR;
				GCC_WARN_UNDECLARED_SELECTOR = YES;
				GCC_WARN_UNINITIALIZED_AUTOS = YES_AGGRESSIVE;
				GCC_WARN_UNUSED_FUNCTION = YES;
				GCC_WARN_UNUSED_VARIABLE = YES;
				IPHONEOS_DEPLOYMENT_TARGET = 17.0;
				MTL_ENABLE_DEBUG_INFO = NO;
				MTL_FAST_MATH = YES;
				SDKROOT = iphoneos;
				SWIFT_COMPILATION_MODE = wholemodule;
				VALIDATE_PRODUCT = YES;
			};
			name = Release;
		};
		BC0100000000000000000001 /* Debug */ = {
			isa = XCBuildConfiguration;
			buildSettings = {
				ASSETCATALOG_COMPILER_APPICON_NAME = AppIcon;
				CODE_SIGN_IDENTITY = "Apple Development";
				CODE_SIGN_STYLE = Automatic;
				CONVEX_DEPLOYMENT_URL = "https://brave-crow-277.convex.cloud";
				CURRENT_PROJECT_VERSION = 1;
				DEVELOPMENT_TEAM = XDXHRB7B47;
				GENERATE_INFOPLIST_FILE = NO;
				INFOPLIST_FILE = VictoriaKillZone/Info.plist;
				INFOPLIST_KEY_LSApplicationCategoryType = "public.app-category.action-games";
				LD_RUNPATH_SEARCH_PATHS = (
					"$(inherited)",
					"@executable_path/Frameworks",
				);
				MARKETING_VERSION = 0.1.1;
				PRODUCT_BUNDLE_IDENTIFIER = com.pewpewpew.app;
				PRODUCT_NAME = "$(TARGET_NAME)";
				PROVISIONING_PROFILE_SPECIFIER = "";
				SUPPORTED_PLATFORMS = "iphoneos iphonesimulator";
				SUPPORTS_MACCATALYST = NO;
				SWIFT_ACTIVE_COMPILATION_CONDITIONS = "$(inherited) VKZ_DEBUG_FIRE";
				SWIFT_EMIT_LOC_STRINGS = YES;
				SWIFT_VERSION = 5.0;
				TARGETED_DEVICE_FAMILY = 1;
			};
			name = Debug;
		};
		BC0100000000000000000002 /* Release */ = {
			isa = XCBuildConfiguration;
			buildSettings = {
				ASSETCATALOG_COMPILER_APPICON_NAME = AppIcon;
				CODE_SIGN_IDENTITY = "Apple Development";
				CODE_SIGN_STYLE = Automatic;
				CONVEX_DEPLOYMENT_URL = "https://brave-crow-277.convex.cloud";
				CURRENT_PROJECT_VERSION = 1;
				DEVELOPMENT_TEAM = XDXHRB7B47;
				GENERATE_INFOPLIST_FILE = NO;
				INFOPLIST_FILE = VictoriaKillZone/Info.plist;
				INFOPLIST_KEY_LSApplicationCategoryType = "public.app-category.action-games";
				LD_RUNPATH_SEARCH_PATHS = (
					"$(inherited)",
					"@executable_path/Frameworks",
				);
				MARKETING_VERSION = 0.1.1;
				PRODUCT_BUNDLE_IDENTIFIER = com.pewpewpew.app;
				PRODUCT_NAME = "$(TARGET_NAME)";
				PROVISIONING_PROFILE_SPECIFIER = "";
				SUPPORTED_PLATFORMS = "iphoneos iphonesimulator";
				SUPPORTS_MACCATALYST = NO;
				SWIFT_ACTIVE_COMPILATION_CONDITIONS = "$(inherited) VKZ_DEBUG_FIRE";
				SWIFT_EMIT_LOC_STRINGS = YES;
				SWIFT_VERSION = 5.0;
				TARGETED_DEVICE_FAMILY = 1;
			};
			name = Release;
		};
		BC0200000000000000000001 /* Debug */ = {
			isa = XCBuildConfiguration;
			buildSettings = {
				BUNDLE_LOADER = "$(TEST_HOST)";
				DEVELOPMENT_TEAM = XDXHRB7B47;
				GENERATE_INFOPLIST_FILE = YES;
				LD_RUNPATH_SEARCH_PATHS = (
					"$(inherited)",
					"@executable_path/Frameworks",
					"@loader_path/Frameworks",
				);
				PRODUCT_BUNDLE_IDENTIFIER = com.pewpewpew.app.tests;
				PRODUCT_NAME = "$(TARGET_NAME)";
				SUPPORTED_PLATFORMS = "iphoneos iphonesimulator";
				SWIFT_VERSION = 5.0;
				TARGETED_DEVICE_FAMILY = 1;
				TEST_HOST = "$(BUILT_PRODUCTS_DIR)/VictoriaKillZone.app/$(BUNDLE_EXECUTABLE_FOLDER_PATH)/VictoriaKillZone";
			};
			name = Debug;
		};
		BC0200000000000000000002 /* Release */ = {
			isa = XCBuildConfiguration;
			buildSettings = {
				BUNDLE_LOADER = "$(TEST_HOST)";
				DEVELOPMENT_TEAM = XDXHRB7B47;
				GENERATE_INFOPLIST_FILE = YES;
				LD_RUNPATH_SEARCH_PATHS = (
					"$(inherited)",
					"@executable_path/Frameworks",
					"@loader_path/Frameworks",
				);
				PRODUCT_BUNDLE_IDENTIFIER = com.pewpewpew.app.tests;
				PRODUCT_NAME = "$(TARGET_NAME)";
				SUPPORTED_PLATFORMS = "iphoneos iphonesimulator";
				SWIFT_VERSION = 5.0;
				TARGETED_DEVICE_FAMILY = 1;
				TEST_HOST = "$(BUILT_PRODUCTS_DIR)/VictoriaKillZone.app/$(BUNDLE_EXECUTABLE_FOLDER_PATH)/VictoriaKillZone";
			};
			name = Release;
		};
/* End XCBuildConfiguration section */

/* Begin XCConfigurationList section */
		CL0000000000000000000001 /* Build configuration list for PBXProject "VictoriaKillZone" */ = {
			isa = XCConfigurationList;
			buildConfigurations = (
				BC0000000000000000000001 /* Debug */,
				BC0000000000000000000002 /* Release */,
			);
			defaultConfigurationIsVisible = 0;
			defaultConfigurationName = Release;
		};
		CL0100000000000000000001 /* Build configuration list for PBXNativeTarget "VictoriaKillZone" */ = {
			isa = XCConfigurationList;
			buildConfigurations = (
				BC0100000000000000000001 /* Debug */,
				BC0100000000000000000002 /* Release */,
			);
			defaultConfigurationIsVisible = 0;
			defaultConfigurationName = Release;
		};
		CL0200000000000000000001 /* Build configuration list for PBXNativeTarget "VictoriaKillZoneTests" */ = {
			isa = XCConfigurationList;
			buildConfigurations = (
				BC0200000000000000000001 /* Debug */,
				BC0200000000000000000002 /* Release */,
			);
			defaultConfigurationIsVisible = 0;
			defaultConfigurationName = Release;
		};
/* End XCConfigurationList section */

/* Begin XCLocalSwiftPackageReference section */
		PKG010000000000000000002 /* XCLocalSwiftPackageReference "../../shared/simulation" */ = {
			isa = XCLocalSwiftPackageReference;
			relativePath = ../../shared/simulation;
		};
		PKG010000000000000000003 /* XCLocalSwiftPackageReference "Transport/CombatTransport" */ = {
			isa = XCLocalSwiftPackageReference;
			relativePath = Transport/CombatTransport;
		};
/* End XCLocalSwiftPackageReference section */

/* Begin XCRemoteSwiftPackageReference section */
		PKG010000000000000000001 /* XCRemoteSwiftPackageReference "convex-swift" */ = {
			isa = XCRemoteSwiftPackageReference;
			repositoryURL = "https://github.com/get-convex/convex-swift.git";
			requirement = {
				kind = exactVersion;
				version = 0.8.1;
			};
		};
/* End XCRemoteSwiftPackageReference section */

/* Begin XCSwiftPackageProductDependency section */
		PP0100000000000000000001 /* ConvexMobile */ = {
			isa = XCSwiftPackageProductDependency;
			package = PKG010000000000000000001 /* XCRemoteSwiftPackageReference "convex-swift" */;
			productName = ConvexMobile;
		};
		PP0100000000000000000002 /* PewPewSimulation */ = {
			isa = XCSwiftPackageProductDependency;
			productName = PewPewSimulation;
		};
		PP0100000000000000000003 /* CombatTransport */ = {
			isa = XCSwiftPackageProductDependency;
			productName = CombatTransport;
		};
/* End XCSwiftPackageProductDependency section */
	};
	rootObject = PR0100000000000000000001 /* Project object */;
}
